
Microsoft Visual Studio Solution File, Format Version 12.00
# Visual Studio 15
VisualStudioVersion = 15.0.27130.2020
MinimumVisualStudioVersion = 10.0.40219.1
Project("{FAE04EC0-301F-11D3-BF4B-00C04F79EFBC}") = "2018 Main Dashboard", "2018 Main Dashboard\2018 Main Dashboard.csproj", "{D71556AF-30A7-4F7C-8790-030B946CA3DD}"
EndProject
Global
	GlobalSection(SolutionConfigurationPlatforms) = preSolution
		Debug|Any CPU = Debug|Any CPU
		Debug|x64 = Debug|x64
		Debug|x86 = Debug|x86
		Release|Any CPU = Release|Any CPU
		Release|x64 = Release|x64
		Release|x86 = Release|x86
	EndGlobalSection
	GlobalSection(ProjectConfigurationPlatforms) = postSolution
		{D71556AF-30A7-4F7C-8790-030B946CA3DD}.Debug|Any CPU.ActiveCfg = Debug|x86
		{D71556AF-30A7-4F7C-8790-030B946CA3DD}.Debug|x64.ActiveCfg = Debug|x64
		{D71556AF-30A7-4F7C-8790-030B946CA3DD}.Debug|x64.Build.0 = Debug|x64
		{D71556AF-30A7-4F7C-8790-030B946CA3DD}.Debug|x86.ActiveCfg = Debug|x86
		{D71556AF-30A7-4F7C-8790-030B946CA3DD}.Debug|x86.Build.0 = Debug|x86
		{D71556AF-30A7-4F7C-8790-030B946CA3DD}.Release|Any CPU.ActiveCfg = Release|x86
		{D71556AF-30A7-4F7C-8790-030B946CA3DD}.Release|x64.ActiveCfg = Release|x64
		{D71556AF-30A7-4F7C-8790-030B946CA3DD}.Release|x64.Build.0 = Release|x64
		{D71556AF-30A7-4F7C-8790-030B946CA3DD}.Release|x86.ActiveCfg = Release|x86
		{D71556AF-30A7-4F7C-8790-030B946CA3DD}.Release|x86.Build.0 = Release|x86
	EndGlobalSection
	GlobalSection(SolutionProperties) = preSolution
		HideSolutionNode = FALSE
	EndGlobalSection
	GlobalSection(ExtensibilityGlobals) = postSolution
		SolutionGuid = {EE5EA047-CD9F-4576-9B0F-8A181F427093}
	EndGlobalSection
EndGlobal
