
Microsoft Visual Studio Solution File, Format Version 12.00
# Visual Studio 15
VisualStudioVersion = 15.0.27130.2010
MinimumVisualStudioVersion = 10.0.40219.1
Project("{FAE04EC0-301F-11D3-BF4B-00C04F79EFBC}") = "DataMonitor", "DataMonitor\DataMonitor.csproj", "{D1EB4A1C-A468-4B3F-B6A1-5CFA53E50197}"
EndProject
Global
	GlobalSection(SolutionConfigurationPlatforms) = preSolution
		Debug|Any CPU = Debug|Any CPU
		Release|Any CPU = Release|Any CPU
	EndGlobalSection
	GlobalSection(ProjectConfigurationPlatforms) = postSolution
		{D1EB4A1C-A468-4B3F-B6A1-5CFA53E50197}.Debug|Any CPU.ActiveCfg = Debug|Any CPU
		{D1EB4A1C-A468-4B3F-B6A1-5CFA53E50197}.Debug|Any CPU.Build.0 = Debug|Any CPU
		{D1EB4A1C-A468-4B3F-B6A1-5CFA53E50197}.Release|Any CPU.ActiveCfg = Release|Any CPU
		{D1EB4A1C-A468-4B3F-B6A1-5CFA53E50197}.Release|Any CPU.Build.0 = Release|Any CPU
	EndGlobalSection
	GlobalSection(SolutionProperties) = preSolution
		HideSolutionNode = FALSE
	EndGlobalSection
	GlobalSection(ExtensibilityGlobals) = postSolution
		SolutionGuid = {2DA4B05E-9D50-44BE-990E-D8DA2FECFE2D}
	EndGlobalSection
EndGlobal
